
Microsoft Visual Studio Solution File, Format Version 12.00
# Visual Studio Version 17
VisualStudioVersion = 17.14.36221.1 d17.14
MinimumVisualStudioVersion = 10.0.40219.1
Project("{FAE04EC0-301F-11D3-BF4B-00C04F79EFBC}") = "Web_DienTu_LTDN", "Web_DienTu_LTDN\Web_DienTu_LTDN.csproj", "{884CC67B-C6B2-41D9-885C-EBD6D95C6571}"
EndProject
Global
	GlobalSection(SolutionConfigurationPlatforms) = preSolution
		Debug|Any CPU = Debug|Any CPU
		Release|Any CPU = Release|Any CPU
	EndGlobalSection
	GlobalSection(ProjectConfigurationPlatforms) = postSolution
		{884CC67B-C6B2-41D9-885C-EBD6D95C6571}.Debug|Any CPU.ActiveCfg = Debug|Any CPU
		{884CC67B-C6B2-41D9-885C-EBD6D95C6571}.Debug|Any CPU.Build.0 = Debug|Any CPU
		{884CC67B-C6B2-41D9-885C-EBD6D95C6571}.Release|Any CPU.ActiveCfg = Release|Any CPU
		{884CC67B-C6B2-41D9-885C-EBD6D95C6571}.Release|Any CPU.Build.0 = Release|Any CPU
	EndGlobalSection
	GlobalSection(SolutionProperties) = preSolution
		HideSolutionNode = FALSE
	EndGlobalSection
	GlobalSection(ExtensibilityGlobals) = postSolution
		SolutionGuid = {D58B9E52-E233-47FE-AFF7-D702A6C5EB5C}
	EndGlobalSection
EndGlobal
